
Microsoft Visual Studio Solution File, Format Version 12.00
# Visual Studio Version 16
VisualStudioVersion = 16.0.29905.134
MinimumVisualStudioVersion = 10.0.40219.1
Project("{FAE04EC0-301F-11D3-BF4B-00C04F79EFBC}") = "RiiMjeshtri", "RiiMjeshtri\RiiMjeshtri.csproj", "{1DA02691-A5B7-4AB0-BEC2-3CB80B7EDA68}"
EndProject
Global
	GlobalSection(SolutionConfigurationPlatforms) = preSolution
		Debug|Any CPU = Debug|Any CPU
		Release|Any CPU = Release|Any CPU
	EndGlobalSection
	GlobalSection(ProjectConfigurationPlatforms) = postSolution
		{1DA02691-A5B7-4AB0-BEC2-3CB80B7EDA68}.Debug|Any CPU.ActiveCfg = Debug|Any CPU
		{1DA02691-A5B7-4AB0-BEC2-3CB80B7EDA68}.Debug|Any CPU.Build.0 = Debug|Any CPU
		{1DA02691-A5B7-4AB0-BEC2-3CB80B7EDA68}.Release|Any CPU.ActiveCfg = Release|Any CPU
		{1DA02691-A5B7-4AB0-BEC2-3CB80B7EDA68}.Release|Any CPU.Build.0 = Release|Any CPU
	EndGlobalSection
	GlobalSection(SolutionProperties) = preSolution
		HideSolutionNode = FALSE
	EndGlobalSection
	GlobalSection(ExtensibilityGlobals) = postSolution
		SolutionGuid = {50386E5C-5EA1-4829-A372-1202338200F1}
	EndGlobalSection
EndGlobal
